
Microsoft Visual Studio Solution File, Format Version 12.00
# Visual Studio Version 17
VisualStudioVersion = 17.3.32929.385
MinimumVisualStudioVersion = 10.0.40219.1
Project("{FAE04EC0-301F-11D3-BF4B-00C04F79EFBC}") = "EcommerceAPI", "EcommerceAPI\EcommerceAPI.csproj", "{DC1F3889-9120-4593-BE60-3A5CE74242C3}"
EndProject
Global
	GlobalSection(SolutionConfigurationPlatforms) = preSolution
		Debug|Any CPU = Debug|Any CPU
		Release|Any CPU = Release|Any CPU
	EndGlobalSection
	GlobalSection(ProjectConfigurationPlatforms) = postSolution
		{DC1F3889-9120-4593-BE60-3A5CE74242C3}.Debug|Any CPU.ActiveCfg = Debug|Any CPU
		{DC1F3889-9120-4593-BE60-3A5CE74242C3}.Debug|Any CPU.Build.0 = Debug|Any CPU
		{DC1F3889-9120-4593-BE60-3A5CE74242C3}.Release|Any CPU.ActiveCfg = Release|Any CPU
		{DC1F3889-9120-4593-BE60-3A5CE74242C3}.Release|Any CPU.Build.0 = Release|Any CPU
	EndGlobalSection
	GlobalSection(SolutionProperties) = preSolution
		HideSolutionNode = FALSE
	EndGlobalSection
	GlobalSection(ExtensibilityGlobals) = postSolution
		SolutionGuid = {DB74747F-CC68-4FD1-9CB8-A6A39618F51D}
	EndGlobalSection
EndGlobal
